Microsoft Visual Studio Solution File, Format Version 12.00
# Visual Studio 2012
Project("{FAE04EC0-301F-11D3-BF4B-00C04F79EFBC}") = "PackerMan", "PackerMan.csproj", "{2DA1980C-551D-4097-B82E-08D20378D6BD}"
EndProject
Global
	GlobalSection(SolutionConfigurationPlatforms) = preSolution
	Debug|Any CPU = Debug|Any CPU
	ExportDebug|Any CPU = ExportDebug|Any CPU
	ExportRelease|Any CPU = ExportRelease|Any CPU
	EndGlobalSection
	GlobalSection(ProjectConfigurationPlatforms) = postSolution
		{2DA1980C-551D-4097-B82E-08D20378D6BD}.Debug|Any CPU.ActiveCfg = Debug|Any CPU
		{2DA1980C-551D-4097-B82E-08D20378D6BD}.Debug|Any CPU.Build.0 = Debug|Any CPU
		{2DA1980C-551D-4097-B82E-08D20378D6BD}.ExportDebug|Any CPU.ActiveCfg = ExportDebug|Any CPU
		{2DA1980C-551D-4097-B82E-08D20378D6BD}.ExportDebug|Any CPU.Build.0 = ExportDebug|Any CPU
		{2DA1980C-551D-4097-B82E-08D20378D6BD}.ExportRelease|Any CPU.ActiveCfg = ExportRelease|Any CPU
		{2DA1980C-551D-4097-B82E-08D20378D6BD}.ExportRelease|Any CPU.Build.0 = ExportRelease|Any CPU
	EndGlobalSection
EndGlobal
